
Microsoft Visual Studio Solution File, Format Version 12.00
# Visual Studio 15
VisualStudioVersion = 15.0.26124.0
MinimumVisualStudioVersion = 15.0.26124.0
Project("{2150E333-8FDC-42A3-9474-1A3956D46DE8}") = "src", "src", "{CEF14C92-FA63-452F-A053-37BAFBB2E174}"
EndProject
Project("{FAE04EC0-301F-11D3-BF4B-00C04F79EFBC}") = "SwaggerControllerLibrary", "src\SwaggerControllerLibrary\SwaggerControllerLibrary.csproj", "{15AFF9D1-302A-4471-8753-F44482662DA5}"
EndProject
Project("{FAE04EC0-301F-11D3-BF4B-00C04F79EFBC}") = "SwaggerControllerLibrary.Controllers", "src\SwaggerControllerLibrary.Controllers\SwaggerControllerLibrary.Controllers.csproj", "{BE2C47B3-AB90-44EB-8554-0E0E29B51EFB}"
EndProject
Project("{2150E333-8FDC-42A3-9474-1A3956D46DE8}") = "misc", "misc", "{A7DD9423-4D18-4B4B-8294-39AFD1EEBB72}"
ProjectSection(SolutionItems) = preProject
	global.json = global.json
EndProjectSection
EndProject
Global
	GlobalSection(SolutionConfigurationPlatforms) = preSolution
		Debug|Any CPU = Debug|Any CPU
		Debug|x64 = Debug|x64
		Debug|x86 = Debug|x86
		Release|Any CPU = Release|Any CPU
		Release|x64 = Release|x64
		Release|x86 = Release|x86
	EndGlobalSection
	GlobalSection(SolutionProperties) = preSolution
		HideSolutionNode = FALSE
	EndGlobalSection
	GlobalSection(ProjectConfigurationPlatforms) = postSolution
		{15AFF9D1-302A-4471-8753-F44482662DA5}.Debug|Any CPU.ActiveCfg = Debug|Any CPU
		{15AFF9D1-302A-4471-8753-F44482662DA5}.Debug|Any CPU.Build.0 = Debug|Any CPU
		{15AFF9D1-302A-4471-8753-F44482662DA5}.Debug|x64.ActiveCfg = Debug|Any CPU
		{15AFF9D1-302A-4471-8753-F44482662DA5}.Debug|x64.Build.0 = Debug|Any CPU
		{15AFF9D1-302A-4471-8753-F44482662DA5}.Debug|x86.ActiveCfg = Debug|Any CPU
		{15AFF9D1-302A-4471-8753-F44482662DA5}.Debug|x86.Build.0 = Debug|Any CPU
		{15AFF9D1-302A-4471-8753-F44482662DA5}.Release|Any CPU.ActiveCfg = Release|Any CPU
		{15AFF9D1-302A-4471-8753-F44482662DA5}.Release|Any CPU.Build.0 = Release|Any CPU
		{15AFF9D1-302A-4471-8753-F44482662DA5}.Release|x64.ActiveCfg = Release|Any CPU
		{15AFF9D1-302A-4471-8753-F44482662DA5}.Release|x64.Build.0 = Release|Any CPU
		{15AFF9D1-302A-4471-8753-F44482662DA5}.Release|x86.ActiveCfg = Release|Any CPU
		{15AFF9D1-302A-4471-8753-F44482662DA5}.Release|x86.Build.0 = Release|Any CPU
		{BE2C47B3-AB90-44EB-8554-0E0E29B51EFB}.Debug|Any CPU.ActiveCfg = Debug|Any CPU
		{BE2C47B3-AB90-44EB-8554-0E0E29B51EFB}.Debug|Any CPU.Build.0 = Debug|Any CPU
		{BE2C47B3-AB90-44EB-8554-0E0E29B51EFB}.Debug|x64.ActiveCfg = Debug|Any CPU
		{BE2C47B3-AB90-44EB-8554-0E0E29B51EFB}.Debug|x64.Build.0 = Debug|Any CPU
		{BE2C47B3-AB90-44EB-8554-0E0E29B51EFB}.Debug|x86.ActiveCfg = Debug|Any CPU
		{BE2C47B3-AB90-44EB-8554-0E0E29B51EFB}.Debug|x86.Build.0 = Debug|Any CPU
		{BE2C47B3-AB90-44EB-8554-0E0E29B51EFB}.Release|Any CPU.ActiveCfg = Release|Any CPU
		{BE2C47B3-AB90-44EB-8554-0E0E29B51EFB}.Release|Any CPU.Build.0 = Release|Any CPU
		{BE2C47B3-AB90-44EB-8554-0E0E29B51EFB}.Release|x64.ActiveCfg = Release|Any CPU
		{BE2C47B3-AB90-44EB-8554-0E0E29B51EFB}.Release|x64.Build.0 = Release|Any CPU
		{BE2C47B3-AB90-44EB-8554-0E0E29B51EFB}.Release|x86.ActiveCfg = Release|Any CPU
		{BE2C47B3-AB90-44EB-8554-0E0E29B51EFB}.Release|x86.Build.0 = Release|Any CPU
	EndGlobalSection
	GlobalSection(NestedProjects) = preSolution
		{15AFF9D1-302A-4471-8753-F44482662DA5} = {CEF14C92-FA63-452F-A053-37BAFBB2E174}
		{BE2C47B3-AB90-44EB-8554-0E0E29B51EFB} = {CEF14C92-FA63-452F-A053-37BAFBB2E174}
	EndGlobalSection
EndGlobal
